
Microsoft Visual Studio Solution File, Format Version 12.00
# Visual Studio Version 17
VisualStudioVersion = 17.9.34622.214
MinimumVisualStudioVersion = 10.0.40219.1
Project("{FAE04EC0-301F-11D3-BF4B-00C04F79EFBC}") = "DiceRollAnimation", "DiceRollAnimation\DiceRollAnimation.csproj", "{AF0DFB6E-39FE-47C7-834C-7DF47676B037}"
EndProject
Global
	GlobalSection(SolutionConfigurationPlatforms) = preSolution
		Debug|Any CPU = Debug|Any CPU
		Release|Any CPU = Release|Any CPU
	EndGlobalSection
	GlobalSection(ProjectConfigurationPlatforms) = postSolution
		{AF0DFB6E-39FE-47C7-834C-7DF47676B037}.Debug|Any CPU.ActiveCfg = Debug|Any CPU
		{AF0DFB6E-39FE-47C7-834C-7DF47676B037}.Debug|Any CPU.Build.0 = Debug|Any CPU
		{AF0DFB6E-39FE-47C7-834C-7DF47676B037}.Release|Any CPU.ActiveCfg = Release|Any CPU
		{AF0DFB6E-39FE-47C7-834C-7DF47676B037}.Release|Any CPU.Build.0 = Release|Any CPU
	EndGlobalSection
	GlobalSection(SolutionProperties) = preSolution
		HideSolutionNode = FALSE
	EndGlobalSection
	GlobalSection(ExtensibilityGlobals) = postSolution
		SolutionGuid = {A1D50A51-4BFE-4667-9ABB-C5C0ED73A82D}
	EndGlobalSection
EndGlobal
